
Microsoft Visual Studio Solution File, Format Version 12.00
# Visual Studio Version 17
VisualStudioVersion = 17.8.34511.84
MinimumVisualStudioVersion = 10.0.40219.1
Project("{9A19103F-16F7-4668-BE54-9A1E7A4F7556}") = "OpenAPI.ParameterStyleParsers", "src\OpenAPI.ParameterStyleParsers\OpenAPI.ParameterStyleParsers.csproj", "{3BDED9BE-80C0-4AAE-8E73-9F133F6E2774}"
EndProject
Project("{2150E333-8FDC-42A3-9474-1A3956D46DE8}") = "Tests", "Tests", "{412FEECD-52E7-445D-A7E8-D153B08472B9}"
EndProject
Project("{9A19103F-16F7-4668-BE54-9A1E7A4F7556}") = "OpenAPI.ParameterStyleParsers.UnitTests", "tests\OpenAPI.ParameterStyleParsers.UnitTests\OpenAPI.ParameterStyleParsers.UnitTests.csproj", "{E5A39848-D898-43F1-8F9E-BF2B14210366}"
EndProject
Project("{2150E333-8FDC-42A3-9474-1A3956D46DE8}") = "Solution Items", "Solution Items", "{7F07EA6F-90BF-43C6-B73F-888AE57DE73F}"
	ProjectSection(SolutionItems) = preProject
		.github\workflows\cd.yml = .github\workflows\cd.yml
	EndProjectSection
EndProject
Global
	GlobalSection(SolutionConfigurationPlatforms) = preSolution
		Debug|Any CPU = Debug|Any CPU
		Release|Any CPU = Release|Any CPU
	EndGlobalSection
	GlobalSection(ProjectConfigurationPlatforms) = postSolution
		{3BDED9BE-80C0-4AAE-8E73-9F133F6E2774}.Debug|Any CPU.ActiveCfg = Debug|Any CPU
		{3BDED9BE-80C0-4AAE-8E73-9F133F6E2774}.Debug|Any CPU.Build.0 = Debug|Any CPU
		{3BDED9BE-80C0-4AAE-8E73-9F133F6E2774}.Release|Any CPU.ActiveCfg = Release|Any CPU
		{3BDED9BE-80C0-4AAE-8E73-9F133F6E2774}.Release|Any CPU.Build.0 = Release|Any CPU
		{E5A39848-D898-43F1-8F9E-BF2B14210366}.Debug|Any CPU.ActiveCfg = Debug|Any CPU
		{E5A39848-D898-43F1-8F9E-BF2B14210366}.Debug|Any CPU.Build.0 = Debug|Any CPU
		{E5A39848-D898-43F1-8F9E-BF2B14210366}.Release|Any CPU.ActiveCfg = Release|Any CPU
		{E5A39848-D898-43F1-8F9E-BF2B14210366}.Release|Any CPU.Build.0 = Release|Any CPU
	EndGlobalSection
	GlobalSection(SolutionProperties) = preSolution
		HideSolutionNode = FALSE
	EndGlobalSection
	GlobalSection(NestedProjects) = preSolution
		{E5A39848-D898-43F1-8F9E-BF2B14210366} = {412FEECD-52E7-445D-A7E8-D153B08472B9}
	EndGlobalSection
	GlobalSection(ExtensibilityGlobals) = postSolution
		SolutionGuid = {2599252B-109F-4116-BC65-A19038BE24BD}
	EndGlobalSection
EndGlobal
